// !$*UTF8*$!
{
	archiveVersion = 1;
	classes = {
	};
	objectVersion = 55;
	objects = {

/* Begin PBXBuildFile section */
		6842A338284907A100FA3D7E /* AppDelegate.swift in Sources */ = {isa = PBXBuildFile; fileRef = 6842A337284907A100FA3D7E /* AppDelegate.swift */; };
		6842A33C284907A100FA3D7E /* GenreListViewController.swift in Sources */ = {isa = PBXBuildFile; fileRef = 6842A33B284907A100FA3D7E /* GenreListViewController.swift */; };
		6842A341284907A300FA3D7E /* Assets.xcassets in Resources */ = {isa = PBXBuildFile; fileRef = 6842A340284907A300FA3D7E /* Assets.xcassets */; };
		6842A344284907A300FA3D7E /* LaunchScreen.storyboard in Resources */ = {isa = PBXBuildFile; fileRef = 6842A342284907A300FA3D7E /* LaunchScreen.storyboard */; };
		6842A34E28490A5100FA3D7E /* APIManager.swift in Sources */ = {isa = PBXBuildFile; fileRef = 6842A34D28490A5100FA3D7E /* APIManager.swift */; };
		6842A35228490EE200FA3D7E /* APIEnv.swift in Sources */ = {isa = PBXBuildFile; fileRef = 6842A35128490EE200FA3D7E /* APIEnv.swift */; };
		6842A3542849184600FA3D7E /* GenresProtocol.swift in Sources */ = {isa = PBXBuildFile; fileRef = 6842A3532849184600FA3D7E /* GenresProtocol.swift */; };
		6842A35728491A9500FA3D7E /* Genre.swift in Sources */ = {isa = PBXBuildFile; fileRef = 6842A35628491A9500FA3D7E /* Genre.swift */; };
		68492656284B13B2000F9E1C /* MovieDetailProtocol.swift in Sources */ = {isa = PBXBuildFile; fileRef = 68492655284B13B2000F9E1C /* MovieDetailProtocol.swift */; };
		6849265A284B152A000F9E1C /* MovieDetail.swift in Sources */ = {isa = PBXBuildFile; fileRef = 68492659284B152A000F9E1C /* MovieDetail.swift */; };
		6849265C284B16D3000F9E1C /* MovieDetailViewController.swift in Sources */ = {isa = PBXBuildFile; fileRef = 6849265B284B16D3000F9E1C /* MovieDetailViewController.swift */; };
		6849265E284B17BD000F9E1C /* MovieDetailRouter.swift in Sources */ = {isa = PBXBuildFile; fileRef = 6849265D284B17BD000F9E1C /* MovieDetailRouter.swift */; };
		68492660284B1B29000F9E1C /* MovieDetailPresenter.swift in Sources */ = {isa = PBXBuildFile; fileRef = 6849265F284B1B29000F9E1C /* MovieDetailPresenter.swift */; };
		68492662284B1B38000F9E1C /* MovieDetailInteractor.swift in Sources */ = {isa = PBXBuildFile; fileRef = 68492661284B1B38000F9E1C /* MovieDetailInteractor.swift */; };
		68492664284B24FE000F9E1C /* MovieDetailCellNode.swift in Sources */ = {isa = PBXBuildFile; fileRef = 68492663284B24FE000F9E1C /* MovieDetailCellNode.swift */; };
		684E2336284A5B31003FAC32 /* GenresPresenter.swift in Sources */ = {isa = PBXBuildFile; fileRef = 684E2335284A5B31003FAC32 /* GenresPresenter.swift */; };
		684E2339284A5ED0003FAC32 /* UIViewController+ShowLoading.swift in Sources */ = {isa = PBXBuildFile; fileRef = 684E2338284A5ED0003FAC32 /* UIViewController+ShowLoading.swift */; };
		684E233B284A5F68003FAC32 /* GenresInteractor.swift in Sources */ = {isa = PBXBuildFile; fileRef = 684E233A284A5F68003FAC32 /* GenresInteractor.swift */; };
		684E233D284A5FD3003FAC32 /* GenreService.swift in Sources */ = {isa = PBXBuildFile; fileRef = 684E233C284A5FD3003FAC32 /* GenreService.swift */; };
		684E233F284A6362003FAC32 /* GenresRouter.swift in Sources */ = {isa = PBXBuildFile; fileRef = 684E233E284A6362003FAC32 /* GenresRouter.swift */; };
		684E2342284A64E7003FAC32 /* MoviesRouter.swift in Sources */ = {isa = PBXBuildFile; fileRef = 684E2341284A64E7003FAC32 /* MoviesRouter.swift */; };
		684E2344284A6517003FAC32 /* MoviesProtocol.swift in Sources */ = {isa = PBXBuildFile; fileRef = 684E2343284A6517003FAC32 /* MoviesProtocol.swift */; };
		684E2346284A6765003FAC32 /* Movie.swift in Sources */ = {isa = PBXBuildFile; fileRef = 684E2345284A6765003FAC32 /* Movie.swift */; };
		684E2348284A69AA003FAC32 /* MoviewListViewController.swift in Sources */ = {isa = PBXBuildFile; fileRef = 684E2347284A69AA003FAC32 /* MoviewListViewController.swift */; };
		684E234A284A6B1C003FAC32 /* MoviesPresenter.swift in Sources */ = {isa = PBXBuildFile; fileRef = 684E2349284A6B1C003FAC32 /* MoviesPresenter.swift */; };
		684E234C284A6D60003FAC32 /* MovieInteractor.swift in Sources */ = {isa = PBXBuildFile; fileRef = 684E234B284A6D60003FAC32 /* MovieInteractor.swift */; };
		684E234F284A6DBB003FAC32 /* MovieService.swift in Sources */ = {isa = PBXBuildFile; fileRef = 684E234E284A6DBB003FAC32 /* MovieService.swift */; };
		689463EA284B3EF400B41FD6 /* MovieDetailReviewCellNode.swift in Sources */ = {isa = PBXBuildFile; fileRef = 689463E9284B3EF400B41FD6 /* MovieDetailReviewCellNode.swift */; };
		68D13CA0284A7DDB00A25D52 /* MovieCellNode.swift in Sources */ = {isa = PBXBuildFile; fileRef = 68D13C9F284A7DDB00A25D52 /* MovieCellNode.swift */; };
		68FA6E5B284B3996008DF8DF /* UserReview.swift in Sources */ = {isa = PBXBuildFile; fileRef = 68FA6E5A284B3996008DF8DF /* UserReview.swift */; };
		86662C2B6FEAED8D4891FC77 /* Pods_VIPER_Movies.framework in Frameworks */ = {isa = PBXBuildFile; fileRef = 142023A761A6AD2E1A9AFAAE /* Pods_VIPER_Movies.framework */; };
/* End PBXBuildFile section */

/* Begin PBXFileReference section */
		142023A761A6AD2E1A9AFAAE /* Pods_VIPER_Movies.framework */ = {isa = PBXFileReference; explicitFileType = wrapper.framework; includeInIndex = 0; path = Pods_VIPER_Movies.framework; sourceTree = BUILT_PRODUCTS_DIR; };
		487E09615268D8B36461BEFB /* Pods-VIPER-Movies.debug.xcconfig */ = {isa = PBXFileReference; includeInIndex = 1; lastKnownFileType = text.xcconfig; name = "Pods-VIPER-Movies.debug.xcconfig"; path = "Target Support Files/Pods-VIPER-Movies/Pods-VIPER-Movies.debug.xcconfig"; sourceTree = "<group>"; };
		6842A334284907A100FA3D7E /* VIPER-Movies.app */ = {isa = PBXFileReference; explicitFileType = wrapper.application; includeInIndex = 0; path = "VIPER-Movies.app"; sourceTree = BUILT_PRODUCTS_DIR; };
		6842A337284907A100FA3D7E /* AppDelegate.swift */ = {isa = PBXFileReference; lastKnownFileType = sourcecode.swift; path = AppDelegate.swift; sourceTree = "<group>"; };
		6842A33B284907A100FA3D7E /* GenreListViewController.swift */ = {isa = PBXFileReference; lastKnownFileType = sourcecode.swift; path = GenreListViewController.swift; sourceTree = "<group>"; };
		6842A340284907A300FA3D7E /* Assets.xcassets */ = {isa = PBXFileReference; lastKnownFileType = folder.assetcatalog; path = Assets.xcassets; sourceTree = "<group>"; };
		6842A343284907A300FA3D7E /* Base */ = {isa = PBXFileReference; lastKnownFileType = file.storyboard; name = Base; path = Base.lproj/LaunchScreen.storyboard; sourceTree = "<group>"; };
		6842A345284907A300FA3D7E /* Info.plist */ = {isa = PBXFileReference; lastKnownFileType = text.plist.xml; path = Info.plist; sourceTree = "<group>"; };
		6842A34D28490A5100FA3D7E /* APIManager.swift */ = {isa = PBXFileReference; lastKnownFileType = sourcecode.swift; path = APIManager.swift; sourceTree = "<group>"; };
		6842A35128490EE200FA3D7E /* APIEnv.swift */ = {isa = PBXFileReference; lastKnownFileType = sourcecode.swift; path = APIEnv.swift; sourceTree = "<group>"; };
		6842A3532849184600FA3D7E /* GenresProtocol.swift */ = {isa = PBXFileReference; lastKnownFileType = sourcecode.swift; path = GenresProtocol.swift; sourceTree = "<group>"; };
		6842A35628491A9500FA3D7E /* Genre.swift */ = {isa = PBXFileReference; lastKnownFileType = sourcecode.swift; path = Genre.swift; sourceTree = "<group>"; };
		68492655284B13B2000F9E1C /* MovieDetailProtocol.swift */ = {isa = PBXFileReference; lastKnownFileType = sourcecode.swift; path = MovieDetailProtocol.swift; sourceTree = "<group>"; };
		68492659284B152A000F9E1C /* MovieDetail.swift */ = {isa = PBXFileReference; lastKnownFileType = sourcecode.swift; path = MovieDetail.swift; sourceTree = "<group>"; };
		6849265B284B16D3000F9E1C /* MovieDetailViewController.swift */ = {isa = PBXFileReference; lastKnownFileType = sourcecode.swift; path = MovieDetailViewController.swift; sourceTree = "<group>"; };
		6849265D284B17BD000F9E1C /* MovieDetailRouter.swift */ = {isa = PBXFileReference; lastKnownFileType = sourcecode.swift; path = MovieDetailRouter.swift; sourceTree = "<group>"; };
		6849265F284B1B29000F9E1C /* MovieDetailPresenter.swift */ = {isa = PBXFileReference; lastKnownFileType = sourcecode.swift; path = MovieDetailPresenter.swift; sourceTree = "<group>"; };
		68492661284B1B38000F9E1C /* MovieDetailInteractor.swift */ = {isa = PBXFileReference; lastKnownFileType = sourcecode.swift; path = MovieDetailInteractor.swift; sourceTree = "<group>"; };
		68492663284B24FE000F9E1C /* MovieDetailCellNode.swift */ = {isa = PBXFileReference; lastKnownFileType = sourcecode.swift; path = MovieDetailCellNode.swift; sourceTree = "<group>"; };
		684E2335284A5B31003FAC32 /* GenresPresenter.swift */ = {isa = PBXFileReference; lastKnownFileType = sourcecode.swift; path = GenresPresenter.swift; sourceTree = "<group>"; };
		684E2338284A5ED0003FAC32 /* UIViewController+ShowLoading.swift */ = {isa = PBXFileReference; lastKnownFileType = sourcecode.swift; path = "UIViewController+ShowLoading.swift"; sourceTree = "<group>"; };
		684E233A284A5F68003FAC32 /* GenresInteractor.swift */ = {isa = PBXFileReference; lastKnownFileType = sourcecode.swift; path = GenresInteractor.swift; sourceTree = "<group>"; };
		684E233C284A5FD3003FAC32 /* GenreService.swift */ = {isa = PBXFileReference; lastKnownFileType = sourcecode.swift; path = GenreService.swift; sourceTree = "<group>"; };
		684E233E284A6362003FAC32 /* GenresRouter.swift */ = {isa = PBXFileReference; lastKnownFileType = sourcecode.swift; path = GenresRouter.swift; sourceTree = "<group>"; };
		684E2341284A64E7003FAC32 /* MoviesRouter.swift */ = {isa = PBXFileReference; lastKnownFileType = sourcecode.swift; path = MoviesRouter.swift; sourceTree = "<group>"; };
		684E2343284A6517003FAC32 /* MoviesProtocol.swift */ = {isa = PBXFileReference; lastKnownFileType = sourcecode.swift; path = MoviesProtocol.swift; sourceTree = "<group>"; };
		684E2345284A6765003FAC32 /* Movie.swift */ = {isa = PBXFileReference; lastKnownFileType = sourcecode.swift; path = Movie.swift; sourceTree = "<group>"; };
		684E2347284A69AA003FAC32 /* MoviewListViewController.swift */ = {isa = PBXFileReference; lastKnownFileType = sourcecode.swift; path = MoviewListViewController.swift; sourceTree = "<group>"; };
		684E2349284A6B1C003FAC32 /* MoviesPresenter.swift */ = {isa = PBXFileReference; lastKnownFileType = sourcecode.swift; path = MoviesPresenter.swift; sourceTree = "<group>"; };
		684E234B284A6D60003FAC32 /* MovieInteractor.swift */ = {isa = PBXFileReference; lastKnownFileType = sourcecode.swift; path = MovieInteractor.swift; sourceTree = "<group>"; };
		684E234E284A6DBB003FAC32 /* MovieService.swift */ = {isa = PBXFileReference; lastKnownFileType = sourcecode.swift; path = MovieService.swift; sourceTree = "<group>"; };
		689463E9284B3EF400B41FD6 /* MovieDetailReviewCellNode.swift */ = {isa = PBXFileReference; lastKnownFileType = sourcecode.swift; path = MovieDetailReviewCellNode.swift; sourceTree = "<group>"; };
		68D13C9F284A7DDB00A25D52 /* MovieCellNode.swift */ = {isa = PBXFileReference; lastKnownFileType = sourcecode.swift; path = MovieCellNode.swift; sourceTree = "<group>"; };
		68FA6E5A284B3996008DF8DF /* UserReview.swift */ = {isa = PBXFileReference; lastKnownFileType = sourcecode.swift; path = UserReview.swift; sourceTree = "<group>"; };
		B481A3415FCF0BE5031AC250 /* Pods-VIPER-Movies.release.xcconfig */ = {isa = PBXFileReference; includeInIndex = 1; lastKnownFileType = text.xcconfig; name = "Pods-VIPER-Movies.release.xcconfig"; path = "Target Support Files/Pods-VIPER-Movies/Pods-VIPER-Movies.release.xcconfig"; sourceTree = "<group>"; };
/* End PBXFileReference section */

/* Begin PBXFrameworksBuildPhase section */
		6842A331284907A100FA3D7E /* Frameworks */ = {
			isa = PBXFrameworksBuildPhase;
			buildActionMask = 2147483647;
			files = (
				86662C2B6FEAED8D4891FC77 /* Pods_VIPER_Movies.framework in Frameworks */,
			);
			runOnlyForDeploymentPostprocessing = 0;
		};
/* End PBXFrameworksBuildPhase section */

/* Begin PBXGroup section */
		5F1F036AA3AB1E8BF32E1860 /* Frameworks */ = {
			isa = PBXGroup;
			children = (
				142023A761A6AD2E1A9AFAAE /* Pods_VIPER_Movies.framework */,
			);
			name = Frameworks;
			sourceTree = "<group>";
		};
		6842A32B284907A100FA3D7E = {
			isa = PBXGroup;
			children = (
				6842A336284907A100FA3D7E /* VIPER-Movies */,
				6842A335284907A100FA3D7E /* Products */,
				8DCF9B1596533F8E9FCC1816 /* Pods */,
				5F1F036AA3AB1E8BF32E1860 /* Frameworks */,
			);
			sourceTree = "<group>";
		};
		6842A335284907A100FA3D7E /* Products */ = {
			isa = PBXGroup;
			children = (
				6842A334284907A100FA3D7E /* VIPER-Movies.app */,
			);
			name = Products;
			sourceTree = "<group>";
		};
		6842A336284907A100FA3D7E /* VIPER-Movies */ = {
			isa = PBXGroup;
			children = (
				68D13C9E284A7DB300A25D52 /* Cells */,
				684E2337284A5EC8003FAC32 /* Extensions */,
				6842A35528491A8A00FA3D7E /* Entities */,
				6842A34F28490B9A00FA3D7E /* Module */,
				6842A34C28490A4700FA3D7E /* Networking */,
				6842A337284907A100FA3D7E /* AppDelegate.swift */,
				6842A340284907A300FA3D7E /* Assets.xcassets */,
				6842A342284907A300FA3D7E /* LaunchScreen.storyboard */,
				6842A345284907A300FA3D7E /* Info.plist */,
			);
			path = "VIPER-Movies";
			sourceTree = "<group>";
		};
		6842A34C28490A4700FA3D7E /* Networking */ = {
			isa = PBXGroup;
			children = (
				684E234D284A6DB1003FAC32 /* Genre */,
				684E2350284A6DBE003FAC32 /* Movie */,
				6842A34D28490A5100FA3D7E /* APIManager.swift */,
				6842A35128490EE200FA3D7E /* APIEnv.swift */,
			);
			path = Networking;
			sourceTree = "<group>";
		};
		6842A34F28490B9A00FA3D7E /* Module */ = {
			isa = PBXGroup;
			children = (
				6842A35028490BA400FA3D7E /* Genre */,
				684E2340284A64C9003FAC32 /* Movie */,
				68492654284B1399000F9E1C /* MovieDetail */,
			);
			path = Module;
			sourceTree = "<group>";
		};
		6842A35028490BA400FA3D7E /* Genre */ = {
			isa = PBXGroup;
			children = (
				6842A3532849184600FA3D7E /* GenresProtocol.swift */,
				684E2335284A5B31003FAC32 /* GenresPresenter.swift */,
				684E233A284A5F68003FAC32 /* GenresInteractor.swift */,
				684E233E284A6362003FAC32 /* GenresRouter.swift */,
				6842A33B284907A100FA3D7E /* GenreListViewController.swift */,
			);
			path = Genre;
			sourceTree = "<group>";
		};
		6842A35528491A8A00FA3D7E /* Entities */ = {
			isa = PBXGroup;
			children = (
				68492657284B1513000F9E1C /* Genre */,
				68492658284B1519000F9E1C /* Movie */,
			);
			path = Entities;
			sourceTree = "<group>";
		};
		68492654284B1399000F9E1C /* MovieDetail */ = {
			isa = PBXGroup;
			children = (
				68492655284B13B2000F9E1C /* MovieDetailProtocol.swift */,
				6849265F284B1B29000F9E1C /* MovieDetailPresenter.swift */,
				68492661284B1B38000F9E1C /* MovieDetailInteractor.swift */,
				6849265D284B17BD000F9E1C /* MovieDetailRouter.swift */,
				6849265B284B16D3000F9E1C /* MovieDetailViewController.swift */,
			);
			path = MovieDetail;
			sourceTree = "<group>";
		};
		68492657284B1513000F9E1C /* Genre */ = {
			isa = PBXGroup;
			children = (
				6842A35628491A9500FA3D7E /* Genre.swift */,
			);
			path = Genre;
			sourceTree = "<group>";
		};
		68492658284B1519000F9E1C /* Movie */ = {
			isa = PBXGroup;
			children = (
				684E2345284A6765003FAC32 /* Movie.swift */,
				68492659284B152A000F9E1C /* MovieDetail.swift */,
				68FA6E5A284B3996008DF8DF /* UserReview.swift */,
			);
			path = Movie;
			sourceTree = "<group>";
		};
		684E2337284A5EC8003FAC32 /* Extensions */ = {
			isa = PBXGroup;
			children = (
				684E2338284A5ED0003FAC32 /* UIViewController+ShowLoading.swift */,
			);
			path = Extensions;
			sourceTree = "<group>";
		};
		684E2340284A64C9003FAC32 /* Movie */ = {
			isa = PBXGroup;
			children = (
				684E2343284A6517003FAC32 /* MoviesProtocol.swift */,
				684E2349284A6B1C003FAC32 /* MoviesPresenter.swift */,
				684E234B284A6D60003FAC32 /* MovieInteractor.swift */,
				684E2341284A64E7003FAC32 /* MoviesRouter.swift */,
				684E2347284A69AA003FAC32 /* MoviewListViewController.swift */,
			);
			path = Movie;
			sourceTree = "<group>";
		};
		684E234D284A6DB1003FAC32 /* Genre */ = {
			isa = PBXGroup;
			children = (
				684E233C284A5FD3003FAC32 /* GenreService.swift */,
			);
			path = Genre;
			sourceTree = "<group>";
		};
		684E2350284A6DBE003FAC32 /* Movie */ = {
			isa = PBXGroup;
			children = (
				684E234E284A6DBB003FAC32 /* MovieService.swift */,
			);
			path = Movie;
			sourceTree = "<group>";
		};
		68D13C9E284A7DB300A25D52 /* Cells */ = {
			isa = PBXGroup;
			children = (
				68D13C9F284A7DDB00A25D52 /* MovieCellNode.swift */,
				68492663284B24FE000F9E1C /* MovieDetailCellNode.swift */,
				689463E9284B3EF400B41FD6 /* MovieDetailReviewCellNode.swift */,
			);
			path = Cells;
			sourceTree = "<group>";
		};
		8DCF9B1596533F8E9FCC1816 /* Pods */ = {
			isa = PBXGroup;
			children = (
				487E09615268D8B36461BEFB /* Pods-VIPER-Movies.debug.xcconfig */,
				B481A3415FCF0BE5031AC250 /* Pods-VIPER-Movies.release.xcconfig */,
			);
			path = Pods;
			sourceTree = "<group>";
		};
/* End PBXGroup section */

/* Begin PBXNativeTarget section */
		6842A333284907A100FA3D7E /* VIPER-Movies */ = {
			isa = PBXNativeTarget;
			buildConfigurationList = 6842A348284907A300FA3D7E /* Build configuration list for PBXNativeTarget "VIPER-Movies" */;
			buildPhases = (
				3943E2D7AC681B74327137BC /* [CP] Check Pods Manifest.lock */,
				6842A330284907A100FA3D7E /* Sources */,
				6842A331284907A100FA3D7E /* Frameworks */,
				6842A332284907A100FA3D7E /* Resources */,
				D2EFDD94B790412BD6B65A5B /* [CP] Embed Pods Frameworks */,
			);
			buildRules = (
			);
			dependencies = (
			);
			name = "VIPER-Movies";
			productName = "VIPER-Movies";
			productReference = 6842A334284907A100FA3D7E /* VIPER-Movies.app */;
			productType = "com.apple.product-type.application";
		};
/* End PBXNativeTarget section */

/* Begin PBXProject section */
		6842A32C284907A100FA3D7E /* Project object */ = {
			isa = PBXProject;
			attributes = {
				BuildIndependentTargetsInParallel = 1;
				LastSwiftUpdateCheck = 1330;
				LastUpgradeCheck = 1330;
				TargetAttributes = {
					6842A333284907A100FA3D7E = {
						CreatedOnToolsVersion = 13.3;
					};
				};
			};
			buildConfigurationList = 6842A32F284907A100FA3D7E /* Build configuration list for PBXProject "VIPER-Movies" */;
			compatibilityVersion = "Xcode 13.0";
			developmentRegion = en;
			hasScannedForEncodings = 0;
			knownRegions = (
				en,
				Base,
			);
			mainGroup = 6842A32B284907A100FA3D7E;
			productRefGroup = 6842A335284907A100FA3D7E /* Products */;
			projectDirPath = "";
			projectRoot = "";
			targets = (
				6842A333284907A100FA3D7E /* VIPER-Movies */,
			);
		};
/* End PBXProject section */

/* Begin PBXResourcesBuildPhase section */
		6842A332284907A100FA3D7E /* Resources */ = {
			isa = PBXResourcesBuildPhase;
			buildActionMask = 2147483647;
			files = (
				6842A344284907A300FA3D7E /* LaunchScreen.storyboard in Resources */,
				6842A341284907A300FA3D7E /* Assets.xcassets in Resources */,
			);
			runOnlyForDeploymentPostprocessing = 0;
		};
/* End PBXResourcesBuildPhase section */

/* Begin PBXShellScriptBuildPhase section */
		3943E2D7AC681B74327137BC /* [CP] Check Pods Manifest.lock */ = {
			isa = PBXShellScriptBuildPhase;
			buildActionMask = 2147483647;
			files = (
			);
			inputFileListPaths = (
			);
			inputPaths = (
				"${PODS_PODFILE_DIR_PATH}/Podfile.lock",
				"${PODS_ROOT}/Manifest.lock",
			);
			name = "[CP] Check Pods Manifest.lock";
			outputFileListPaths = (
			);
			outputPaths = (
				"$(DERIVED_FILE_DIR)/Pods-VIPER-Movies-checkManifestLockResult.txt",
			);
			runOnlyForDeploymentPostprocessing = 0;
			shellPath = /bin/sh;
			shellScript = "diff \"${PODS_PODFILE_DIR_PATH}/Podfile.lock\" \"${PODS_ROOT}/Manifest.lock\" > /dev/null\nif [ $? != 0 ] ; then\n    # print error to STDERR\n    echo \"error: The sandbox is not in sync with the Podfile.lock. Run 'pod install' or update your CocoaPods installation.\" >&2\n    exit 1\nfi\n# This output is used by Xcode 'outputs' to avoid re-running this script phase.\necho \"SUCCESS\" > \"${SCRIPT_OUTPUT_FILE_0}\"\n";
			showEnvVarsInLog = 0;
		};
		D2EFDD94B790412BD6B65A5B /* [CP] Embed Pods Frameworks */ = {
			isa = PBXShellScriptBuildPhase;
			buildActionMask = 2147483647;
			files = (
			);
			inputFileListPaths = (
				"${PODS_ROOT}/Target Support Files/Pods-VIPER-Movies/Pods-VIPER-Movies-frameworks-${CONFIGURATION}-input-files.xcfilelist",
			);
			name = "[CP] Embed Pods Frameworks";
			outputFileListPaths = (
				"${PODS_ROOT}/Target Support Files/Pods-VIPER-Movies/Pods-VIPER-Movies-frameworks-${CONFIGURATION}-output-files.xcfilelist",
			);
			runOnlyForDeploymentPostprocessing = 0;
			shellPath = /bin/sh;
			shellScript = "\"${PODS_ROOT}/Target Support Files/Pods-VIPER-Movies/Pods-VIPER-Movies-frameworks.sh\"\n";
			showEnvVarsInLog = 0;
		};
/* End PBXShellScriptBuildPhase section */

/* Begin PBXSourcesBuildPhase section */
		6842A330284907A100FA3D7E /* Sources */ = {
			isa = PBXSourcesBuildPhase;
			buildActionMask = 2147483647;
			files = (
				68492662284B1B38000F9E1C /* MovieDetailInteractor.swift in Sources */,
				68492660284B1B29000F9E1C /* MovieDetailPresenter.swift in Sources */,
				6849265E284B17BD000F9E1C /* MovieDetailRouter.swift in Sources */,
				684E234F284A6DBB003FAC32 /* MovieService.swift in Sources */,
				684E233B284A5F68003FAC32 /* GenresInteractor.swift in Sources */,
				684E234A284A6B1C003FAC32 /* MoviesPresenter.swift in Sources */,
				6842A34E28490A5100FA3D7E /* APIManager.swift in Sources */,
				68D13CA0284A7DDB00A25D52 /* MovieCellNode.swift in Sources */,
				684E2339284A5ED0003FAC32 /* UIViewController+ShowLoading.swift in Sources */,
				6842A33C284907A100FA3D7E /* GenreListViewController.swift in Sources */,
				68FA6E5B284B3996008DF8DF /* UserReview.swift in Sources */,
				6842A3542849184600FA3D7E /* GenresProtocol.swift in Sources */,
				684E2342284A64E7003FAC32 /* MoviesRouter.swift in Sources */,
				68492656284B13B2000F9E1C /* MovieDetailProtocol.swift in Sources */,
				6842A35228490EE200FA3D7E /* APIEnv.swift in Sources */,
				684E233F284A6362003FAC32 /* GenresRouter.swift in Sources */,
				684E2336284A5B31003FAC32 /* GenresPresenter.swift in Sources */,
				684E233D284A5FD3003FAC32 /* GenreService.swift in Sources */,
				684E2344284A6517003FAC32 /* MoviesProtocol.swift in Sources */,
				68492664284B24FE000F9E1C /* MovieDetailCellNode.swift in Sources */,
				6849265A284B152A000F9E1C /* MovieDetail.swift in Sources */,
				684E2348284A69AA003FAC32 /* MoviewListViewController.swift in Sources */,
				684E234C284A6D60003FAC32 /* MovieInteractor.swift in Sources */,
				6842A338284907A100FA3D7E /* AppDelegate.swift in Sources */,
				6842A35728491A9500FA3D7E /* Genre.swift in Sources */,
				689463EA284B3EF400B41FD6 /* MovieDetailReviewCellNode.swift in Sources */,
				6849265C284B16D3000F9E1C /* MovieDetailViewController.swift in Sources */,
				684E2346284A6765003FAC32 /* Movie.swift in Sources */,
			);
			runOnlyForDeploymentPostprocessing = 0;
		};
/* End PBXSourcesBuildPhase section */

/* Begin PBXVariantGroup section */
		6842A342284907A300FA3D7E /* LaunchScreen.storyboard */ = {
			isa = PBXVariantGroup;
			children = (
				6842A343284907A300FA3D7E /* Base */,
			);
			name = LaunchScreen.storyboard;
			sourceTree = "<group>";
		};
/* End PBXVariantGroup section */

/* Begin XCBuildConfiguration section */
		6842A346284907A300FA3D7E /* Debug */ = {
			isa = XCBuildConfiguration;
			buildSettings = {
				ALWAYS_SEARCH_USER_PATHS = NO;
				CLANG_ANALYZER_NONNULL = YES;
				CLANG_ANALYZER_NUMBER_OBJECT_CONVERSION = YES_AGGRESSIVE;
				CLANG_CXX_LANGUAGE_STANDARD = "gnu++17";
				CLANG_ENABLE_MODULES = YES;
				CLANG_ENABLE_OBJC_ARC = YES;
				CLANG_ENABLE_OBJC_WEAK = YES;
				CLANG_WARN_BLOCK_CAPTURE_AUTORELEASING = YES;
				CLANG_WARN_BOOL_CONVERSION = YES;
				CLANG_WARN_COMMA = YES;
				CLANG_WARN_CONSTANT_CONVERSION = YES;
				CLANG_WARN_DEPRECATED_OBJC_IMPLEMENTATIONS = YES;
				CLANG_WARN_DIRECT_OBJC_ISA_USAGE = YES_ERROR;
				CLANG_WARN_DOCUMENTATION_COMMENTS = YES;
				CLANG_WARN_EMPTY_BODY = YES;
				CLANG_WARN_ENUM_CONVERSION = YES;
				CLANG_WARN_INFINITE_RECURSION = YES;
				CLANG_WARN_INT_CONVERSION = YES;
				CLANG_WARN_NON_LITERAL_NULL_CONVERSION = YES;
				CLANG_WARN_OBJC_IMPLICIT_RETAIN_SELF = YES;
				CLANG_WARN_OBJC_LITERAL_CONVERSION = YES;
				CLANG_WARN_OBJC_ROOT_CLASS = YES_ERROR;
				CLANG_WARN_QUOTED_INCLUDE_IN_FRAMEWORK_HEADER = YES;
				CLANG_WARN_RANGE_LOOP_ANALYSIS = YES;
				CLANG_WARN_STRICT_PROTOTYPES = YES;
				CLANG_WARN_SUSPICIOUS_MOVE = YES;
				CLANG_WARN_UNGUARDED_AVAILABILITY = YES_AGGRESSIVE;
				CLANG_WARN_UNREACHABLE_CODE = YES;
				CLANG_WARN__DUPLICATE_METHOD_MATCH = YES;
				COPY_PHASE_STRIP = NO;
				DEBUG_INFORMATION_FORMAT = dwarf;
				ENABLE_STRICT_OBJC_MSGSEND = YES;
				ENABLE_TESTABILITY = YES;
				GCC_C_LANGUAGE_STANDARD = gnu11;
				GCC_DYNAMIC_NO_PIC = NO;
				GCC_NO_COMMON_BLOCKS = YES;
				GCC_OPTIMIZATION_LEVEL = 0;
				GCC_PREPROCESSOR_DEFINITIONS = (
					"DEBUG=1",
					"$(inherited)",
				);
				GCC_WARN_64_TO_32_BIT_CONVERSION = YES;
				GCC_WARN_ABOUT_RETURN_TYPE = YES_ERROR;
				GCC_WARN_UNDECLARED_SELECTOR = YES;
				GCC_WARN_UNINITIALIZED_AUTOS = YES_AGGRESSIVE;
				GCC_WARN_UNUSED_FUNCTION = YES;
				GCC_WARN_UNUSED_VARIABLE = YES;
				IPHONEOS_DEPLOYMENT_TARGET = 15.4;
				MTL_ENABLE_DEBUG_INFO = INCLUDE_SOURCE;
				MTL_FAST_MATH = YES;
				ONLY_ACTIVE_ARCH = YES;
				SDKROOT = iphoneos;
				SWIFT_ACTIVE_COMPILATION_CONDITIONS = DEBUG;
				SWIFT_OPTIMIZATION_LEVEL = "-Onone";
			};
			name = Debug;
		};
		6842A347284907A300FA3D7E /* Release */ = {
			isa = XCBuildConfiguration;
			buildSettings = {
				ALWAYS_SEARCH_USER_PATHS = NO;
				CLANG_ANALYZER_NONNULL = YES;
				CLANG_ANALYZER_NUMBER_OBJECT_CONVERSION = YES_AGGRESSIVE;
				CLANG_CXX_LANGUAGE_STANDARD = "gnu++17";
				CLANG_ENABLE_MODULES = YES;
				CLANG_ENABLE_OBJC_ARC = YES;
				CLANG_ENABLE_OBJC_WEAK = YES;
				CLANG_WARN_BLOCK_CAPTURE_AUTORELEASING = YES;
				CLANG_WARN_BOOL_CONVERSION = YES;
				CLANG_WARN_COMMA = YES;
				CLANG_WARN_CONSTANT_CONVERSION = YES;
				CLANG_WARN_DEPRECATED_OBJC_IMPLEMENTATIONS = YES;
				CLANG_WARN_DIRECT_OBJC_ISA_USAGE = YES_ERROR;
				CLANG_WARN_DOCUMENTATION_COMMENTS = YES;
				CLANG_WARN_EMPTY_BODY = YES;
				CLANG_WARN_ENUM_CONVERSION = YES;
				CLANG_WARN_INFINITE_RECURSION = YES;
				CLANG_WARN_INT_CONVERSION = YES;
				CLANG_WARN_NON_LITERAL_NULL_CONVERSION = YES;
				CLANG_WARN_OBJC_IMPLICIT_RETAIN_SELF = YES;
				CLANG_WARN_OBJC_LITERAL_CONVERSION = YES;
				CLANG_WARN_OBJC_ROOT_CLASS = YES_ERROR;
				CLANG_WARN_QUOTED_INCLUDE_IN_FRAMEWORK_HEADER = YES;
				CLANG_WARN_RANGE_LOOP_ANALYSIS = YES;
				CLANG_WARN_STRICT_PROTOTYPES = YES;
				CLANG_WARN_SUSPICIOUS_MOVE = YES;
				CLANG_WARN_UNGUARDED_AVAILABILITY = YES_AGGRESSIVE;
				CLANG_WARN_UNREACHABLE_CODE = YES;
				CLANG_WARN__DUPLICATE_METHOD_MATCH = YES;
				COPY_PHASE_STRIP = NO;
				DEBUG_INFORMATION_FORMAT = "dwarf-with-dsym";
				ENABLE_NS_ASSERTIONS = NO;
				ENABLE_STRICT_OBJC_MSGSEND = YES;
				GCC_C_LANGUAGE_STANDARD = gnu11;
				GCC_NO_COMMON_BLOCKS = YES;
				GCC_WARN_64_TO_32_BIT_CONVERSION = YES;
				GCC_WARN_ABOUT_RETURN_TYPE = YES_ERROR;
				GCC_WARN_UNDECLARED_SELECTOR = YES;
				GCC_WARN_UNINITIALIZED_AUTOS = YES_AGGRESSIVE;
				GCC_WARN_UNUSED_FUNCTION = YES;
				GCC_WARN_UNUSED_VARIABLE = YES;
				IPHONEOS_DEPLOYMENT_TARGET = 15.4;
				MTL_ENABLE_DEBUG_INFO = NO;
				MTL_FAST_MATH = YES;
				SDKROOT = iphoneos;
				SWIFT_COMPILATION_MODE = wholemodule;
				SWIFT_OPTIMIZATION_LEVEL = "-O";
				VALIDATE_PRODUCT = YES;
			};
			name = Release;
		};
		6842A349284907A300FA3D7E /* Debug */ = {
			isa = XCBuildConfiguration;
			baseConfigurationReference = 487E09615268D8B36461BEFB /* Pods-VIPER-Movies.debug.xcconfig */;
			buildSettings = {
				ASSETCATALOG_COMPILER_APPICON_NAME = AppIcon;
				ASSETCATALOG_COMPILER_GLOBAL_ACCENT_COLOR_NAME = AccentColor;
				CODE_SIGN_STYLE = Automatic;
				CURRENT_PROJECT_VERSION = 1;
				DEVELOPMENT_TEAM = 827G3VYA9U;
				GENERATE_INFOPLIST_FILE = YES;
				INFOPLIST_FILE = "VIPER-Movies/Info.plist";
				INFOPLIST_KEY_UIApplicationSupportsIndirectInputEvents = YES;
				INFOPLIST_KEY_UILaunchStoryboardName = LaunchScreen;
				INFOPLIST_KEY_UIUserInterfaceStyle = Light;
				LD_RUNPATH_SEARCH_PATHS = (
					"$(inherited)",
					"@executable_path/Frameworks",
				);
				MARKETING_VERSION = 1.0;
				PRODUCT_BUNDLE_IDENTIFIER = "io.github.sseno.VIPER-Movies";
				PRODUCT_NAME = "$(TARGET_NAME)";
				SWIFT_EMIT_LOC_STRINGS = YES;
				SWIFT_VERSION = 5.0;
				TARGETED_DEVICE_FAMILY = "1,2";
			};
			name = Debug;
		};
		6842A34A284907A300FA3D7E /* Release */ = {
			isa = XCBuildConfiguration;
			baseConfigurationReference = B481A3415FCF0BE5031AC250 /* Pods-VIPER-Movies.release.xcconfig */;
			buildSettings = {
				ASSETCATALOG_COMPILER_APPICON_NAME = AppIcon;
				ASSETCATALOG_COMPILER_GLOBAL_ACCENT_COLOR_NAME = AccentColor;
				CODE_SIGN_STYLE = Automatic;
				CURRENT_PROJECT_VERSION = 1;
				DEVELOPMENT_TEAM = 827G3VYA9U;
				GENERATE_INFOPLIST_FILE = YES;
				INFOPLIST_FILE = "VIPER-Movies/Info.plist";
				INFOPLIST_KEY_UIApplicationSupportsIndirectInputEvents = YES;
				INFOPLIST_KEY_UILaunchStoryboardName = LaunchScreen;
				INFOPLIST_KEY_UIUserInterfaceStyle = Light;
				LD_RUNPATH_SEARCH_PATHS = (
					"$(inherited)",
					"@executable_path/Frameworks",
				);
				MARKETING_VERSION = 1.0;
				PRODUCT_BUNDLE_IDENTIFIER = "io.github.sseno.VIPER-Movies";
				PRODUCT_NAME = "$(TARGET_NAME)";
				SWIFT_EMIT_LOC_STRINGS = YES;
				SWIFT_VERSION = 5.0;
				TARGETED_DEVICE_FAMILY = "1,2";
			};
			name = Release;
		};
/* End XCBuildConfiguration section */

/* Begin XCConfigurationList section */
		6842A32F284907A100FA3D7E /* Build configuration list for PBXProject "VIPER-Movies" */ = {
			isa = XCConfigurationList;
			buildConfigurations = (
				6842A346284907A300FA3D7E /* Debug */,
				6842A347284907A300FA3D7E /* Release */,
			);
			defaultConfigurationIsVisible = 0;
			defaultConfigurationName = Release;
		};
		6842A348284907A300FA3D7E /* Build configuration list for PBXNativeTarget "VIPER-Movies" */ = {
			isa = XCConfigurationList;
			buildConfigurations = (
				6842A349284907A300FA3D7E /* Debug */,
				6842A34A284907A300FA3D7E /* Release */,
			);
			defaultConfigurationIsVisible = 0;
			defaultConfigurationName = Release;
		};
/* End XCConfigurationList section */
	};
	rootObject = 6842A32C284907A100FA3D7E /* Project object */;
}
